
Microsoft Visual Studio Solution File, Format Version 12.00
# Visual Studio 14
VisualStudioVersion = 14.0.25420.1
MinimumVisualStudioVersion = 10.0.40219.1
Project("{2150E333-8FDC-42A3-9474-1A3956D46DE8}") = "0. Configurations", "0. Configurations", "{7818C4BA-83CC-480A-A582-900C29A915DE}"
	ProjectSection(SolutionItems) = preProject
		README.md = README.md
	EndProjectSection
EndProject
Project("{2150E333-8FDC-42A3-9474-1A3956D46DE8}") = "1. Web", "1. Web", "{4569035A-6DBB-494D-99ED-E7935692DF9B}"
EndProject
Project("{2150E333-8FDC-42A3-9474-1A3956D46DE8}") = "2. Component", "2. Component", "{D2B21739-8A41-4F46-9A69-C6B055B44BCA}"
EndProject
Project("{2150E333-8FDC-42A3-9474-1A3956D46DE8}") = "3. Core", "3. Core", "{07AD1199-4563-41C5-A842-1CD83C851A9E}"
EndProject
Project("{FAE04EC0-301F-11D3-BF4B-00C04F79EFBC}") = "MBran.Component.Favicon", "src\Components\MBran.Component.Favicon\MBran.Component.Favicon.csproj", "{D01DC5E0-9222-43F9-AD76-BD220A3F2FB1}"
EndProject
Project("{FAE04EC0-301F-11D3-BF4B-00C04F79EFBC}") = "MBran.Core.Grid", "src\Core\MBran.Core.Grid\MBran.Core.Grid.csproj", "{7E7EE8B2-56A2-4FD2-8529-C38262001730}"
EndProject
Project("{FAE04EC0-301F-11D3-BF4B-00C04F79EFBC}") = "MBran.Web", "src\Web\MBran.Web\MBran.Web.csproj", "{254BE836-008C-4C56-BD8F-D80E4D228D00}"
EndProject
Project("{FAE04EC0-301F-11D3-BF4B-00C04F79EFBC}") = "MBran.Component.Meta", "src\Components\MBran.Component.Meta\MBran.Component.Meta.csproj", "{15385B0D-EA5F-4D1A-95A1-B655712BADAA}"
EndProject
Project("{FAE04EC0-301F-11D3-BF4B-00C04F79EFBC}") = "MBran.Core", "src\Core\MBran.Core\MBran.Core.csproj", "{D57CAEC8-913C-42DD-AAB7-543013859FEF}"
EndProject
Project("{FAE04EC0-301F-11D3-BF4B-00C04F79EFBC}") = "MBran.Core.Components", "src\Core\MBran.Core.Components\MBran.Core.Components.csproj", "{2A327F31-6A57-40A0-B27D-D175C16496B5}"
EndProject
Project("{FAE04EC0-301F-11D3-BF4B-00C04F79EFBC}") = "MBran.Core.Models", "src\Core\MBran.Core.Models\MBran.Core.Models.csproj", "{E7424A33-1E39-45FD-8320-1D85EE80A67F}"
EndProject
Global
	GlobalSection(SolutionConfigurationPlatforms) = preSolution
		Debug|Any CPU = Debug|Any CPU
		Release|Any CPU = Release|Any CPU
	EndGlobalSection
	GlobalSection(ProjectConfigurationPlatforms) = postSolution
		{D01DC5E0-9222-43F9-AD76-BD220A3F2FB1}.Debug|Any CPU.ActiveCfg = Debug|Any CPU
		{D01DC5E0-9222-43F9-AD76-BD220A3F2FB1}.Debug|Any CPU.Build.0 = Debug|Any CPU
		{D01DC5E0-9222-43F9-AD76-BD220A3F2FB1}.Release|Any CPU.ActiveCfg = Release|Any CPU
		{D01DC5E0-9222-43F9-AD76-BD220A3F2FB1}.Release|Any CPU.Build.0 = Release|Any CPU
		{7E7EE8B2-56A2-4FD2-8529-C38262001730}.Debug|Any CPU.ActiveCfg = Debug|Any CPU
		{7E7EE8B2-56A2-4FD2-8529-C38262001730}.Debug|Any CPU.Build.0 = Debug|Any CPU
		{7E7EE8B2-56A2-4FD2-8529-C38262001730}.Release|Any CPU.ActiveCfg = Release|Any CPU
		{7E7EE8B2-56A2-4FD2-8529-C38262001730}.Release|Any CPU.Build.0 = Release|Any CPU
		{254BE836-008C-4C56-BD8F-D80E4D228D00}.Debug|Any CPU.ActiveCfg = Debug|Any CPU
		{254BE836-008C-4C56-BD8F-D80E4D228D00}.Debug|Any CPU.Build.0 = Debug|Any CPU
		{254BE836-008C-4C56-BD8F-D80E4D228D00}.Release|Any CPU.ActiveCfg = Release|Any CPU
		{254BE836-008C-4C56-BD8F-D80E4D228D00}.Release|Any CPU.Build.0 = Release|Any CPU
		{15385B0D-EA5F-4D1A-95A1-B655712BADAA}.Debug|Any CPU.ActiveCfg = Debug|Any CPU
		{15385B0D-EA5F-4D1A-95A1-B655712BADAA}.Debug|Any CPU.Build.0 = Debug|Any CPU
		{15385B0D-EA5F-4D1A-95A1-B655712BADAA}.Release|Any CPU.ActiveCfg = Release|Any CPU
		{15385B0D-EA5F-4D1A-95A1-B655712BADAA}.Release|Any CPU.Build.0 = Release|Any CPU
		{D57CAEC8-913C-42DD-AAB7-543013859FEF}.Debug|Any CPU.ActiveCfg = Debug|Any CPU
		{D57CAEC8-913C-42DD-AAB7-543013859FEF}.Debug|Any CPU.Build.0 = Debug|Any CPU
		{D57CAEC8-913C-42DD-AAB7-543013859FEF}.Release|Any CPU.ActiveCfg = Release|Any CPU
		{D57CAEC8-913C-42DD-AAB7-543013859FEF}.Release|Any CPU.Build.0 = Release|Any CPU
		{2A327F31-6A57-40A0-B27D-D175C16496B5}.Debug|Any CPU.ActiveCfg = Debug|Any CPU
		{2A327F31-6A57-40A0-B27D-D175C16496B5}.Debug|Any CPU.Build.0 = Debug|Any CPU
		{2A327F31-6A57-40A0-B27D-D175C16496B5}.Release|Any CPU.ActiveCfg = Release|Any CPU
		{2A327F31-6A57-40A0-B27D-D175C16496B5}.Release|Any CPU.Build.0 = Release|Any CPU
		{E7424A33-1E39-45FD-8320-1D85EE80A67F}.Debug|Any CPU.ActiveCfg = Debug|Any CPU
		{E7424A33-1E39-45FD-8320-1D85EE80A67F}.Debug|Any CPU.Build.0 = Debug|Any CPU
		{E7424A33-1E39-45FD-8320-1D85EE80A67F}.Release|Any CPU.ActiveCfg = Release|Any CPU
		{E7424A33-1E39-45FD-8320-1D85EE80A67F}.Release|Any CPU.Build.0 = Release|Any CPU
	EndGlobalSection
	GlobalSection(SolutionProperties) = preSolution
		HideSolutionNode = FALSE
	EndGlobalSection
	GlobalSection(NestedProjects) = preSolution
		{D01DC5E0-9222-43F9-AD76-BD220A3F2FB1} = {D2B21739-8A41-4F46-9A69-C6B055B44BCA}
		{7E7EE8B2-56A2-4FD2-8529-C38262001730} = {07AD1199-4563-41C5-A842-1CD83C851A9E}
		{254BE836-008C-4C56-BD8F-D80E4D228D00} = {4569035A-6DBB-494D-99ED-E7935692DF9B}
		{15385B0D-EA5F-4D1A-95A1-B655712BADAA} = {D2B21739-8A41-4F46-9A69-C6B055B44BCA}
		{D57CAEC8-913C-42DD-AAB7-543013859FEF} = {07AD1199-4563-41C5-A842-1CD83C851A9E}
		{2A327F31-6A57-40A0-B27D-D175C16496B5} = {07AD1199-4563-41C5-A842-1CD83C851A9E}
		{E7424A33-1E39-45FD-8320-1D85EE80A67F} = {07AD1199-4563-41C5-A842-1CD83C851A9E}
	EndGlobalSection
EndGlobal
