
Microsoft Visual Studio Solution File, Format Version 12.00
# Visual Studio 15
VisualStudioVersion = 15.0.26430.14
MinimumVisualStudioVersion = 10.0.40219.1
Project("{2150E333-8FDC-42A3-9474-1A3956D46DE8}") = "0. Configurations", "0. Configurations", "{7818C4BA-83CC-480A-A582-900C29A915DE}"
	ProjectSection(SolutionItems) = preProject
		README.md = README.md
	EndProjectSection
EndProject
Project("{2150E333-8FDC-42A3-9474-1A3956D46DE8}") = "1. Web", "1. Web", "{4569035A-6DBB-494D-99ED-E7935692DF9B}"
EndProject
Project("{2150E333-8FDC-42A3-9474-1A3956D46DE8}") = "3. Components", "3. Components", "{D2B21739-8A41-4F46-9A69-C6B055B44BCA}"
EndProject
Project("{2150E333-8FDC-42A3-9474-1A3956D46DE8}") = "4. Core", "4. Core", "{07AD1199-4563-41C5-A842-1CD83C851A9E}"
EndProject
Project("{FAE04EC0-301F-11D3-BF4B-00C04F79EFBC}") = "MBran.Web", "src\Web\MBran.Web\MBran.Web.csproj", "{96CF9AD9-6503-47A5-8164-47AE1E125D19}"
EndProject
Project("{2150E333-8FDC-42A3-9474-1A3956D46DE8}") = "5. Models", "5. Models", "{1F78990A-1460-4B75-B693-AB0A5CA1B630}"
EndProject
Project("{FAE04EC0-301F-11D3-BF4B-00C04F79EFBC}") = "MBran.Models", "src\Models\MBran.Models\MBran.Models.csproj", "{BD011D1F-EB0E-4594-B3A9-B5F7F2D91DD8}"
EndProject
Project("{2150E333-8FDC-42A3-9474-1A3956D46DE8}") = "2. Modules", "2. Modules", "{59E54211-C58A-450E-99DB-96FE4AF2D83F}"
EndProject
Project("{FAE04EC0-301F-11D3-BF4B-00C04F79EFBC}") = "MBran.Components", "..\mbran-umbraco-components\src\MBran.Components\MBran.Components.csproj", "{96A66068-7AE4-49A9-A5CE-DA1A65F048AA}"
EndProject
Project("{FAE04EC0-301F-11D3-BF4B-00C04F79EFBC}") = "MBran.Core", "..\mbran-umbraco-core\src\MBran.Core\MBran.Core.csproj", "{14D73A1D-62F8-4428-9FD8-547AA6562C90}"
EndProject
Global
	GlobalSection(SolutionConfigurationPlatforms) = preSolution
		Debug|Any CPU = Debug|Any CPU
		Release|Any CPU = Release|Any CPU
	EndGlobalSection
	GlobalSection(ProjectConfigurationPlatforms) = postSolution
		{96CF9AD9-6503-47A5-8164-47AE1E125D19}.Debug|Any CPU.ActiveCfg = Debug|Any CPU
		{96CF9AD9-6503-47A5-8164-47AE1E125D19}.Debug|Any CPU.Build.0 = Debug|Any CPU
		{96CF9AD9-6503-47A5-8164-47AE1E125D19}.Release|Any CPU.ActiveCfg = Release|Any CPU
		{96CF9AD9-6503-47A5-8164-47AE1E125D19}.Release|Any CPU.Build.0 = Release|Any CPU
		{BD011D1F-EB0E-4594-B3A9-B5F7F2D91DD8}.Debug|Any CPU.ActiveCfg = Debug|Any CPU
		{BD011D1F-EB0E-4594-B3A9-B5F7F2D91DD8}.Debug|Any CPU.Build.0 = Debug|Any CPU
		{BD011D1F-EB0E-4594-B3A9-B5F7F2D91DD8}.Release|Any CPU.ActiveCfg = Release|Any CPU
		{BD011D1F-EB0E-4594-B3A9-B5F7F2D91DD8}.Release|Any CPU.Build.0 = Release|Any CPU
		{96A66068-7AE4-49A9-A5CE-DA1A65F048AA}.Debug|Any CPU.ActiveCfg = Debug|Any CPU
		{96A66068-7AE4-49A9-A5CE-DA1A65F048AA}.Debug|Any CPU.Build.0 = Debug|Any CPU
		{96A66068-7AE4-49A9-A5CE-DA1A65F048AA}.Release|Any CPU.ActiveCfg = Release|Any CPU
		{96A66068-7AE4-49A9-A5CE-DA1A65F048AA}.Release|Any CPU.Build.0 = Release|Any CPU
		{14D73A1D-62F8-4428-9FD8-547AA6562C90}.Debug|Any CPU.ActiveCfg = Debug|Any CPU
		{14D73A1D-62F8-4428-9FD8-547AA6562C90}.Debug|Any CPU.Build.0 = Debug|Any CPU
		{14D73A1D-62F8-4428-9FD8-547AA6562C90}.Release|Any CPU.ActiveCfg = Release|Any CPU
		{14D73A1D-62F8-4428-9FD8-547AA6562C90}.Release|Any CPU.Build.0 = Release|Any CPU
	EndGlobalSection
	GlobalSection(SolutionProperties) = preSolution
		HideSolutionNode = FALSE
	EndGlobalSection
	GlobalSection(NestedProjects) = preSolution
		{96CF9AD9-6503-47A5-8164-47AE1E125D19} = {4569035A-6DBB-494D-99ED-E7935692DF9B}
		{BD011D1F-EB0E-4594-B3A9-B5F7F2D91DD8} = {1F78990A-1460-4B75-B693-AB0A5CA1B630}
		{96A66068-7AE4-49A9-A5CE-DA1A65F048AA} = {07AD1199-4563-41C5-A842-1CD83C851A9E}
		{14D73A1D-62F8-4428-9FD8-547AA6562C90} = {07AD1199-4563-41C5-A842-1CD83C851A9E}
	EndGlobalSection
	GlobalSection(ExtensibilityGlobals) = postSolution
		SolutionGuid = {9E35E41F-4754-4440-95C8-E09DF00D2AC7}
	EndGlobalSection
EndGlobal
